// !$*UTF8*$!
{
	archiveVersion = 1;
	classes = {
	};
	objectVersion = 51;
	objects = {

/* Begin PBXBuildFile section */
		730FA49422E19C0E005B8A84 /* CalendarAnimations.swift in Sources */ = {isa = PBXBuildFile; fileRef = 730FA49322E19C0E005B8A84 /* CalendarAnimations.swift */; };
		730FA49622E19C30005B8A84 /* DateStorageTableViewCell.swift in Sources */ = {isa = PBXBuildFile; fileRef = 730FA49522E19C30005B8A84 /* DateStorageTableViewCell.swift */; };
		730FA49822E19C47005B8A84 /* DateStorageViewController.swift in Sources */ = {isa = PBXBuildFile; fileRef = 730FA49722E19C47005B8A84 /* DateStorageViewController.swift */; };
		73123C4122D1E70A00E6FB61 /* GradeCalcTab.storyboard in Resources */ = {isa = PBXBuildFile; fileRef = 73123C4022D1E70A00E6FB61 /* GradeCalcTab.storyboard */; };
		73123C4322D2F1A300E6FB61 /* SettingsViewController.swift in Sources */ = {isa = PBXBuildFile; fileRef = 73123C4222D2F1A300E6FB61 /* SettingsViewController.swift */; };
		73123C4F22D477BC00E6FB61 /* HomeViewController.swift in Sources */ = {isa = PBXBuildFile; fileRef = 73123C4E22D477BC00E6FB61 /* HomeViewController.swift */; };
		73123C5122D47EC500E6FB61 /* HomeTableViewCell.swift in Sources */ = {isa = PBXBuildFile; fileRef = 73123C5022D47EC500E6FB61 /* HomeTableViewCell.swift */; };
		734639B622DC29EC008DD457 /* CoursesTab.storyboard in Resources */ = {isa = PBXBuildFile; fileRef = 734639B522DC29EC008DD457 /* CoursesTab.storyboard */; };
		734639B922DC2A10008DD457 /* MainCoursesViewController.swift in Sources */ = {isa = PBXBuildFile; fileRef = 734639B722DC2A10008DD457 /* MainCoursesViewController.swift */; };
		734639BA22DC2A10008DD457 /* EditAssignmentViewController.swift in Sources */ = {isa = PBXBuildFile; fileRef = 734639B822DC2A10008DD457 /* EditAssignmentViewController.swift */; };
		734639C022DC2A17008DD457 /* ViewAssignmentViewController.swift in Sources */ = {isa = PBXBuildFile; fileRef = 734639BB22DC2A16008DD457 /* ViewAssignmentViewController.swift */; };
		734639C122DC2A17008DD457 /* AddCourseViewController.swift in Sources */ = {isa = PBXBuildFile; fileRef = 734639BC22DC2A16008DD457 /* AddCourseViewController.swift */; };
		734639C222DC2A17008DD457 /* ViewClassAssignmentsController.swift in Sources */ = {isa = PBXBuildFile; fileRef = 734639BD22DC2A16008DD457 /* ViewClassAssignmentsController.swift */; };
		734639C322DC2A17008DD457 /* AddAssingmentViewController.swift in Sources */ = {isa = PBXBuildFile; fileRef = 734639BE22DC2A16008DD457 /* AddAssingmentViewController.swift */; };
		734639C722DC5F08008DD457 /* Student.swift in Sources */ = {isa = PBXBuildFile; fileRef = 734639C622DC5F08008DD457 /* Student.swift */; };
		734639C922DC5F82008DD457 /* Task.swift in Sources */ = {isa = PBXBuildFile; fileRef = 734639C822DC5F82008DD457 /* Task.swift */; };
		734639CB22DC5F97008DD457 /* Course.swift in Sources */ = {isa = PBXBuildFile; fileRef = 734639CA22DC5F97008DD457 /* Course.swift */; };
		734639CD22DC5FC0008DD457 /* CourseDivision.swift in Sources */ = {isa = PBXBuildFile; fileRef = 734639CC22DC5FC0008DD457 /* CourseDivision.swift */; };
		734639CF22DD2211008DD457 /* DataCollectionViewCell.swift in Sources */ = {isa = PBXBuildFile; fileRef = 734639CE22DD2211008DD457 /* DataCollectionViewCell.swift */; };
		737CA94822C3619E00D10B54 /* AppDelegate.swift in Sources */ = {isa = PBXBuildFile; fileRef = 737CA94722C3619E00D10B54 /* AppDelegate.swift */; };
		737CA94A22C3619E00D10B54 /* FirstViewController.swift in Sources */ = {isa = PBXBuildFile; fileRef = 737CA94922C3619E00D10B54 /* FirstViewController.swift */; };
		737CA94F22C3619E00D10B54 /* Main.storyboard in Resources */ = {isa = PBXBuildFile; fileRef = 737CA94D22C3619E00D10B54 /* Main.storyboard */; };
		737CA95122C3619E00D10B54 /* Assets.xcassets in Resources */ = {isa = PBXBuildFile; fileRef = 737CA95022C3619E00D10B54 /* Assets.xcassets */; };
		739C1B3D22C8959F00CCB4BB /* Calendars.storyboard in Resources */ = {isa = PBXBuildFile; fileRef = 739C1B3C22C8959F00CCB4BB /* Calendars.storyboard */; };
		739C1B4322C8961B00CCB4BB /* Home.storyboard in Resources */ = {isa = PBXBuildFile; fileRef = 739C1B4222C8961B00CCB4BB /* Home.storyboard */; };
		73A3C32D22DC13EE0038F9E6 /* CalendarsTab.storyboard in Resources */ = {isa = PBXBuildFile; fileRef = 73A3C32C22DC13EE0038F9E6 /* CalendarsTab.storyboard */; };
		73A3C33122DC141F0038F9E6 /* CalendarsTabViewController.swift in Sources */ = {isa = PBXBuildFile; fileRef = 73A3C33022DC141E0038F9E6 /* CalendarsTabViewController.swift */; };
		73A3C33522DC145B0038F9E6 /* CalendarVars.swift in Sources */ = {isa = PBXBuildFile; fileRef = 73A3C33422DC145B0038F9E6 /* CalendarVars.swift */; };
		73BBB7E122CA0A0300D80CB0 /* GoogleService-Info.plist in Resources */ = {isa = PBXBuildFile; fileRef = 73BBB7E022CA0A0300D80CB0 /* GoogleService-Info.plist */; };
		73CAB01622CB4B3300266A49 /* LogInViewController.swift in Sources */ = {isa = PBXBuildFile; fileRef = 73CAB01522CB4B3300266A49 /* LogInViewController.swift */; };
		73CAB01B22CD1BF200266A49 /* SettingsTab.storyboard in Resources */ = {isa = PBXBuildFile; fileRef = 73CAB01A22CD1BF200266A49 /* SettingsTab.storyboard */; };
		73DD9F9E22D0737F009B259A /* CreateAccountViewController.swift in Sources */ = {isa = PBXBuildFile; fileRef = 73DD9F9D22D0737F009B259A /* CreateAccountViewController.swift */; };
		D5EDC5840DFC2CBE873D78FD /* Pods_PlanX.framework in Frameworks */ = {isa = PBXBuildFile; fileRef = C415C7241484D661378D79B8 /* Pods_PlanX.framework */; };
/* End PBXBuildFile section */

/* Begin PBXFileReference section */
		32FB0CBF6A0294826E940ECF /* Pods-PlanX.release.xcconfig */ = {isa = PBXFileReference; includeInIndex = 1; lastKnownFileType = text.xcconfig; name = "Pods-PlanX.release.xcconfig"; path = "Target Support Files/Pods-PlanX/Pods-PlanX.release.xcconfig"; sourceTree = "<group>"; };
		730FA49322E19C0E005B8A84 /* CalendarAnimations.swift */ = {isa = PBXFileReference; fileEncoding = 4; lastKnownFileType = sourcecode.swift; path = CalendarAnimations.swift; sourceTree = "<group>"; };
		730FA49522E19C30005B8A84 /* DateStorageTableViewCell.swift */ = {isa = PBXFileReference; fileEncoding = 4; lastKnownFileType = sourcecode.swift; path = DateStorageTableViewCell.swift; sourceTree = "<group>"; };
		730FA49722E19C47005B8A84 /* DateStorageViewController.swift */ = {isa = PBXFileReference; fileEncoding = 4; lastKnownFileType = sourcecode.swift; path = DateStorageViewController.swift; sourceTree = "<group>"; };
		73123C4022D1E70A00E6FB61 /* GradeCalcTab.storyboard */ = {isa = PBXFileReference; lastKnownFileType = file.storyboard; path = GradeCalcTab.storyboard; sourceTree = "<group>"; };
		73123C4222D2F1A300E6FB61 /* SettingsViewController.swift */ = {isa = PBXFileReference; lastKnownFileType = sourcecode.swift; path = SettingsViewController.swift; sourceTree = "<group>"; };
		73123C4E22D477BC00E6FB61 /* HomeViewController.swift */ = {isa = PBXFileReference; lastKnownFileType = sourcecode.swift; path = HomeViewController.swift; sourceTree = "<group>"; };
		73123C5022D47EC500E6FB61 /* HomeTableViewCell.swift */ = {isa = PBXFileReference; lastKnownFileType = sourcecode.swift; path = HomeTableViewCell.swift; sourceTree = "<group>"; };
		734639B522DC29EC008DD457 /* CoursesTab.storyboard */ = {isa = PBXFileReference; fileEncoding = 4; lastKnownFileType = file.storyboard; path = CoursesTab.storyboard; sourceTree = "<group>"; };
		734639B722DC2A10008DD457 /* MainCoursesViewController.swift */ = {isa = PBXFileReference; fileEncoding = 4; lastKnownFileType = sourcecode.swift; path = MainCoursesViewController.swift; sourceTree = "<group>"; };
		734639B822DC2A10008DD457 /* EditAssignmentViewController.swift */ = {isa = PBXFileReference; fileEncoding = 4; lastKnownFileType = sourcecode.swift; path = EditAssignmentViewController.swift; sourceTree = "<group>"; };
		734639BB22DC2A16008DD457 /* ViewAssignmentViewController.swift */ = {isa = PBXFileReference; fileEncoding = 4; lastKnownFileType = sourcecode.swift; path = ViewAssignmentViewController.swift; sourceTree = "<group>"; };
		734639BC22DC2A16008DD457 /* AddCourseViewController.swift */ = {isa = PBXFileReference; fileEncoding = 4; lastKnownFileType = sourcecode.swift; path = AddCourseViewController.swift; sourceTree = "<group>"; };
		734639BD22DC2A16008DD457 /* ViewClassAssignmentsController.swift */ = {isa = PBXFileReference; fileEncoding = 4; lastKnownFileType = sourcecode.swift; path = ViewClassAssignmentsController.swift; sourceTree = "<group>"; };
		734639BE22DC2A16008DD457 /* AddAssingmentViewController.swift */ = {isa = PBXFileReference; fileEncoding = 4; lastKnownFileType = sourcecode.swift; path = AddAssingmentViewController.swift; sourceTree = "<group>"; };
		734639C622DC5F08008DD457 /* Student.swift */ = {isa = PBXFileReference; lastKnownFileType = sourcecode.swift; path = Student.swift; sourceTree = "<group>"; };
		734639C822DC5F82008DD457 /* Task.swift */ = {isa = PBXFileReference; lastKnownFileType = sourcecode.swift; path = Task.swift; sourceTree = "<group>"; };
		734639CA22DC5F97008DD457 /* Course.swift */ = {isa = PBXFileReference; lastKnownFileType = sourcecode.swift; path = Course.swift; sourceTree = "<group>"; };
		734639CC22DC5FC0008DD457 /* CourseDivision.swift */ = {isa = PBXFileReference; lastKnownFileType = sourcecode.swift; path = CourseDivision.swift; sourceTree = "<group>"; };
		734639CE22DD2211008DD457 /* DataCollectionViewCell.swift */ = {isa = PBXFileReference; fileEncoding = 4; lastKnownFileType = sourcecode.swift; path = DataCollectionViewCell.swift; sourceTree = "<group>"; };
		737CA94422C3619E00D10B54 /* PlanX.app */ = {isa = PBXFileReference; explicitFileType = wrapper.application; includeInIndex = 0; path = PlanX.app; sourceTree = BUILT_PRODUCTS_DIR; };
		737CA94722C3619E00D10B54 /* AppDelegate.swift */ = {isa = PBXFileReference; lastKnownFileType = sourcecode.swift; path = AppDelegate.swift; sourceTree = "<group>"; };
		737CA94922C3619E00D10B54 /* FirstViewController.swift */ = {isa = PBXFileReference; lastKnownFileType = sourcecode.swift; path = FirstViewController.swift; sourceTree = "<group>"; };
		737CA94E22C3619E00D10B54 /* Base */ = {isa = PBXFileReference; lastKnownFileType = file.storyboard; name = Base; path = Base.lproj/Main.storyboard; sourceTree = "<group>"; };
		737CA95022C3619E00D10B54 /* Assets.xcassets */ = {isa = PBXFileReference; lastKnownFileType = folder.assetcatalog; path = Assets.xcassets; sourceTree = "<group>"; };
		737CA95522C3619E00D10B54 /* Info.plist */ = {isa = PBXFileReference; lastKnownFileType = text.plist.xml; path = Info.plist; sourceTree = "<group>"; };
		739C1B3C22C8959F00CCB4BB /* Calendars.storyboard */ = {isa = PBXFileReference; lastKnownFileType = file.storyboard; path = Calendars.storyboard; sourceTree = "<group>"; };
		739C1B4222C8961B00CCB4BB /* Home.storyboard */ = {isa = PBXFileReference; lastKnownFileType = file.storyboard; path = Home.storyboard; sourceTree = "<group>"; };
		73A3C32C22DC13EE0038F9E6 /* CalendarsTab.storyboard */ = {isa = PBXFileReference; fileEncoding = 4; lastKnownFileType = file.storyboard; path = CalendarsTab.storyboard; sourceTree = "<group>"; };
		73A3C33022DC141E0038F9E6 /* CalendarsTabViewController.swift */ = {isa = PBXFileReference; fileEncoding = 4; lastKnownFileType = sourcecode.swift; path = CalendarsTabViewController.swift; sourceTree = "<group>"; };
		73A3C33422DC145B0038F9E6 /* CalendarVars.swift */ = {isa = PBXFileReference; fileEncoding = 4; lastKnownFileType = sourcecode.swift; path = CalendarVars.swift; sourceTree = "<group>"; };
		73BBB7E022CA0A0300D80CB0 /* GoogleService-Info.plist */ = {isa = PBXFileReference; fileEncoding = 4; lastKnownFileType = text.plist.xml; path = "GoogleService-Info.plist"; sourceTree = "<group>"; };
		73CAB01522CB4B3300266A49 /* LogInViewController.swift */ = {isa = PBXFileReference; lastKnownFileType = sourcecode.swift; path = LogInViewController.swift; sourceTree = "<group>"; };
		73CAB01A22CD1BF200266A49 /* SettingsTab.storyboard */ = {isa = PBXFileReference; lastKnownFileType = file.storyboard; path = SettingsTab.storyboard; sourceTree = "<group>"; };
		73DD9F9D22D0737F009B259A /* CreateAccountViewController.swift */ = {isa = PBXFileReference; indentWidth = 5; lastKnownFileType = sourcecode.swift; path = CreateAccountViewController.swift; sourceTree = "<group>"; };
		9B3EB47873CC4F649A833E2B /* Pods-PlanX.debug.xcconfig */ = {isa = PBXFileReference; includeInIndex = 1; lastKnownFileType = text.xcconfig; name = "Pods-PlanX.debug.xcconfig"; path = "Target Support Files/Pods-PlanX/Pods-PlanX.debug.xcconfig"; sourceTree = "<group>"; };
		C415C7241484D661378D79B8 /* Pods_PlanX.framework */ = {isa = PBXFileReference; explicitFileType = wrapper.framework; includeInIndex = 0; path = Pods_PlanX.framework; sourceTree = BUILT_PRODUCTS_DIR; };
/* End PBXFileReference section */

/* Begin PBXFrameworksBuildPhase section */
		737CA94122C3619E00D10B54 /* Frameworks */ = {
			isa = PBXFrameworksBuildPhase;
			buildActionMask = 2147483647;
			files = (
				D5EDC5840DFC2CBE873D78FD /* Pods_PlanX.framework in Frameworks */,
			);
			runOnlyForDeploymentPostprocessing = 0;
		};
/* End PBXFrameworksBuildPhase section */

/* Begin PBXGroup section */
		734639C522DC5ECE008DD457 /* Student */ = {
			isa = PBXGroup;
			children = (
				734639C622DC5F08008DD457 /* Student.swift */,
				734639C822DC5F82008DD457 /* Task.swift */,
				734639CA22DC5F97008DD457 /* Course.swift */,
				734639CC22DC5FC0008DD457 /* CourseDivision.swift */,
			);
			path = Student;
			sourceTree = "<group>";
		};
		737CA93B22C3619E00D10B54 = {
			isa = PBXGroup;
			children = (
				737CA94622C3619E00D10B54 /* PlanX */,
				737CA94522C3619E00D10B54 /* Products */,
				920B60D27C47DEFF6E7F44AA /* Pods */,
				D306DC70B2423CFE702CF882 /* Frameworks */,
			);
			sourceTree = "<group>";
		};
		737CA94522C3619E00D10B54 /* Products */ = {
			isa = PBXGroup;
			children = (
				737CA94422C3619E00D10B54 /* PlanX.app */,
			);
			name = Products;
			sourceTree = "<group>";
		};
		737CA94622C3619E00D10B54 /* PlanX */ = {
			isa = PBXGroup;
			children = (
				739C1B3B22C894AF00CCB4BB /* Storyboards */,
				737CA94722C3619E00D10B54 /* AppDelegate.swift */,
				734639C522DC5ECE008DD457 /* Student */,
				73A3C33022DC141E0038F9E6 /* CalendarsTabViewController.swift */,
				73A3C33422DC145B0038F9E6 /* CalendarVars.swift */,
				730FA49322E19C0E005B8A84 /* CalendarAnimations.swift */,
				734639CE22DD2211008DD457 /* DataCollectionViewCell.swift */,
				73123C4E22D477BC00E6FB61 /* HomeViewController.swift */,
				730FA49722E19C47005B8A84 /* DateStorageViewController.swift */,
				730FA49522E19C30005B8A84 /* DateStorageTableViewCell.swift */,
				734639B822DC2A10008DD457 /* EditAssignmentViewController.swift */,
				734639B722DC2A10008DD457 /* MainCoursesViewController.swift */,
				73123C5022D47EC500E6FB61 /* HomeTableViewCell.swift */,
				734639BE22DC2A16008DD457 /* AddAssingmentViewController.swift */,
				734639BC22DC2A16008DD457 /* AddCourseViewController.swift */,
				734639BB22DC2A16008DD457 /* ViewAssignmentViewController.swift */,
				734639BD22DC2A16008DD457 /* ViewClassAssignmentsController.swift */,
				73CAB01522CB4B3300266A49 /* LogInViewController.swift */,
				737CA94922C3619E00D10B54 /* FirstViewController.swift */,
				73DD9F9D22D0737F009B259A /* CreateAccountViewController.swift */,
				73123C4222D2F1A300E6FB61 /* SettingsViewController.swift */,
				737CA95022C3619E00D10B54 /* Assets.xcassets */,
				73BBB7E022CA0A0300D80CB0 /* GoogleService-Info.plist */,
				737CA95522C3619E00D10B54 /* Info.plist */,
			);
			path = PlanX;
			sourceTree = "<group>";
		};
		739C1B3B22C894AF00CCB4BB /* Storyboards */ = {
			isa = PBXGroup;
			children = (
				737CA94D22C3619E00D10B54 /* Main.storyboard */,
				739C1B3C22C8959F00CCB4BB /* Calendars.storyboard */,
				734639B522DC29EC008DD457 /* CoursesTab.storyboard */,
				73A3C32C22DC13EE0038F9E6 /* CalendarsTab.storyboard */,
				73CAB01A22CD1BF200266A49 /* SettingsTab.storyboard */,
				73123C4022D1E70A00E6FB61 /* GradeCalcTab.storyboard */,
				739C1B4222C8961B00CCB4BB /* Home.storyboard */,
			);
			path = Storyboards;
			sourceTree = "<group>";
		};
		920B60D27C47DEFF6E7F44AA /* Pods */ = {
			isa = PBXGroup;
			children = (
				9B3EB47873CC4F649A833E2B /* Pods-PlanX.debug.xcconfig */,
				32FB0CBF6A0294826E940ECF /* Pods-PlanX.release.xcconfig */,
			);
			path = Pods;
			sourceTree = "<group>";
		};
		D306DC70B2423CFE702CF882 /* Frameworks */ = {
			isa = PBXGroup;
			children = (
				C415C7241484D661378D79B8 /* Pods_PlanX.framework */,
			);
			name = Frameworks;
			sourceTree = "<group>";
		};
/* End PBXGroup section */

/* Begin PBXNativeTarget section */
		737CA94322C3619E00D10B54 /* PlanX */ = {
			isa = PBXNativeTarget;
			buildConfigurationList = 737CA95822C3619E00D10B54 /* Build configuration list for PBXNativeTarget "PlanX" */;
			buildPhases = (
				83E45CAF16A2BBEDB978896B /* [CP] Check Pods Manifest.lock */,
				737CA94022C3619E00D10B54 /* Sources */,
				737CA94122C3619E00D10B54 /* Frameworks */,
				737CA94222C3619E00D10B54 /* Resources */,
				5796BD1DEA04643CF550DA35 /* [CP] Embed Pods Frameworks */,
			);
			buildRules = (
			);
			dependencies = (
			);
			name = PlanX;
			productName = PlanX;
			productReference = 737CA94422C3619E00D10B54 /* PlanX.app */;
			productType = "com.apple.product-type.application";
		};
/* End PBXNativeTarget section */

/* Begin PBXProject section */
		737CA93C22C3619E00D10B54 /* Project object */ = {
			isa = PBXProject;
			attributes = {
				LastSwiftUpdateCheck = 1020;
				LastUpgradeCheck = 1020;
				ORGANIZATIONNAME = H2OT;
				TargetAttributes = {
					737CA94322C3619E00D10B54 = {
						CreatedOnToolsVersion = 10.2.1;
					};
				};
			};
			buildConfigurationList = 737CA93F22C3619E00D10B54 /* Build configuration list for PBXProject "PlanX" */;
			compatibilityVersion = "Xcode 9.3";
			developmentRegion = en;
			hasScannedForEncodings = 0;
			knownRegions = (
				en,
				Base,
			);
			mainGroup = 737CA93B22C3619E00D10B54;
			productRefGroup = 737CA94522C3619E00D10B54 /* Products */;
			projectDirPath = "";
			projectRoot = "";
			targets = (
				737CA94322C3619E00D10B54 /* PlanX */,
			);
		};
/* End PBXProject section */

/* Begin PBXResourcesBuildPhase section */
		737CA94222C3619E00D10B54 /* Resources */ = {
			isa = PBXResourcesBuildPhase;
			buildActionMask = 2147483647;
			files = (
				73A3C32D22DC13EE0038F9E6 /* CalendarsTab.storyboard in Resources */,
				739C1B4322C8961B00CCB4BB /* Home.storyboard in Resources */,
				73BBB7E122CA0A0300D80CB0 /* GoogleService-Info.plist in Resources */,
				73123C4122D1E70A00E6FB61 /* GradeCalcTab.storyboard in Resources */,
				739C1B3D22C8959F00CCB4BB /* Calendars.storyboard in Resources */,
				737CA95122C3619E00D10B54 /* Assets.xcassets in Resources */,
				734639B622DC29EC008DD457 /* CoursesTab.storyboard in Resources */,
				73CAB01B22CD1BF200266A49 /* SettingsTab.storyboard in Resources */,
				737CA94F22C3619E00D10B54 /* Main.storyboard in Resources */,
			);
			runOnlyForDeploymentPostprocessing = 0;
		};
/* End PBXResourcesBuildPhase section */

/* Begin PBXShellScriptBuildPhase section */
		5796BD1DEA04643CF550DA35 /* [CP] Embed Pods Frameworks */ = {
			isa = PBXShellScriptBuildPhase;
			buildActionMask = 2147483647;
			files = (
			);
			inputFileListPaths = (
				"${PODS_ROOT}/Target Support Files/Pods-PlanX/Pods-PlanX-frameworks-${CONFIGURATION}-input-files.xcfilelist",
			);
			name = "[CP] Embed Pods Frameworks";
			outputFileListPaths = (
				"${PODS_ROOT}/Target Support Files/Pods-PlanX/Pods-PlanX-frameworks-${CONFIGURATION}-output-files.xcfilelist",
			);
			runOnlyForDeploymentPostprocessing = 0;
			shellPath = /bin/sh;
			shellScript = "\"${PODS_ROOT}/Target Support Files/Pods-PlanX/Pods-PlanX-frameworks.sh\"\n";
			showEnvVarsInLog = 0;
		};
		83E45CAF16A2BBEDB978896B /* [CP] Check Pods Manifest.lock */ = {
			isa = PBXShellScriptBuildPhase;
			buildActionMask = 2147483647;
			files = (
			);
			inputFileListPaths = (
			);
			inputPaths = (
				"${PODS_PODFILE_DIR_PATH}/Podfile.lock",
				"${PODS_ROOT}/Manifest.lock",
			);
			name = "[CP] Check Pods Manifest.lock";
			outputFileListPaths = (
			);
			outputPaths = (
				"$(DERIVED_FILE_DIR)/Pods-PlanX-checkManifestLockResult.txt",
			);
			runOnlyForDeploymentPostprocessing = 0;
			shellPath = /bin/sh;
			shellScript = "diff \"${PODS_PODFILE_DIR_PATH}/Podfile.lock\" \"${PODS_ROOT}/Manifest.lock\" > /dev/null\nif [ $? != 0 ] ; then\n    # print error to STDERR\n    echo \"error: The sandbox is not in sync with the Podfile.lock. Run 'pod install' or update your CocoaPods installation.\" >&2\n    exit 1\nfi\n# This output is used by Xcode 'outputs' to avoid re-running this script phase.\necho \"SUCCESS\" > \"${SCRIPT_OUTPUT_FILE_0}\"\n";
			showEnvVarsInLog = 0;
		};
/* End PBXShellScriptBuildPhase section */

/* Begin PBXSourcesBuildPhase section */
		737CA94022C3619E00D10B54 /* Sources */ = {
			isa = PBXSourcesBuildPhase;
			buildActionMask = 2147483647;
			files = (
				734639C222DC2A17008DD457 /* ViewClassAssignmentsController.swift in Sources */,
				730FA49422E19C0E005B8A84 /* CalendarAnimations.swift in Sources */,
				734639C022DC2A17008DD457 /* ViewAssignmentViewController.swift in Sources */,
				73A3C33122DC141F0038F9E6 /* CalendarsTabViewController.swift in Sources */,
				73DD9F9E22D0737F009B259A /* CreateAccountViewController.swift in Sources */,
				73CAB01622CB4B3300266A49 /* LogInViewController.swift in Sources */,
				737CA94822C3619E00D10B54 /* AppDelegate.swift in Sources */,
				734639C722DC5F08008DD457 /* Student.swift in Sources */,
				734639CB22DC5F97008DD457 /* Course.swift in Sources */,
				730FA49622E19C30005B8A84 /* DateStorageTableViewCell.swift in Sources */,
				73123C5122D47EC500E6FB61 /* HomeTableViewCell.swift in Sources */,
				734639C122DC2A17008DD457 /* AddCourseViewController.swift in Sources */,
				73123C4F22D477BC00E6FB61 /* HomeViewController.swift in Sources */,
				737CA94A22C3619E00D10B54 /* FirstViewController.swift in Sources */,
				734639BA22DC2A10008DD457 /* EditAssignmentViewController.swift in Sources */,
				734639CD22DC5FC0008DD457 /* CourseDivision.swift in Sources */,
				730FA49822E19C47005B8A84 /* DateStorageViewController.swift in Sources */,
				73A3C33522DC145B0038F9E6 /* CalendarVars.swift in Sources */,
				734639B922DC2A10008DD457 /* MainCoursesViewController.swift in Sources */,
				734639C322DC2A17008DD457 /* AddAssingmentViewController.swift in Sources */,
				734639C922DC5F82008DD457 /* Task.swift in Sources */,
				734639CF22DD2211008DD457 /* DataCollectionViewCell.swift in Sources */,
				73123C4322D2F1A300E6FB61 /* SettingsViewController.swift in Sources */,
			);
			runOnlyForDeploymentPostprocessing = 0;
		};
/* End PBXSourcesBuildPhase section */

/* Begin PBXVariantGroup section */
		737CA94D22C3619E00D10B54 /* Main.storyboard */ = {
			isa = PBXVariantGroup;
			children = (
				737CA94E22C3619E00D10B54 /* Base */,
			);
			name = Main.storyboard;
			sourceTree = "<group>";
		};
/* End PBXVariantGroup section */

/* Begin XCBuildConfiguration section */
		737CA95622C3619E00D10B54 /* Debug */ = {
			isa = XCBuildConfiguration;
			buildSettings = {
				ALWAYS_SEARCH_USER_PATHS = NO;
				CLANG_ANALYZER_NONNULL = YES;
				CLANG_ANALYZER_NUMBER_OBJECT_CONVERSION = YES_AGGRESSIVE;
				CLANG_CXX_LANGUAGE_STANDARD = "gnu++14";
				CLANG_CXX_LIBRARY = "libc++";
				CLANG_ENABLE_MODULES = YES;
				CLANG_ENABLE_OBJC_ARC = YES;
				CLANG_ENABLE_OBJC_WEAK = YES;
				CLANG_WARN_BLOCK_CAPTURE_AUTORELEASING = YES;
				CLANG_WARN_BOOL_CONVERSION = YES;
				CLANG_WARN_COMMA = YES;
				CLANG_WARN_CONSTANT_CONVERSION = YES;
				CLANG_WARN_DEPRECATED_OBJC_IMPLEMENTATIONS = YES;
				CLANG_WARN_DIRECT_OBJC_ISA_USAGE = YES_ERROR;
				CLANG_WARN_DOCUMENTATION_COMMENTS = YES;
				CLANG_WARN_EMPTY_BODY = YES;
				CLANG_WARN_ENUM_CONVERSION = YES;
				CLANG_WARN_INFINITE_RECURSION = YES;
				CLANG_WARN_INT_CONVERSION = YES;
				CLANG_WARN_NON_LITERAL_NULL_CONVERSION = YES;
				CLANG_WARN_OBJC_IMPLICIT_RETAIN_SELF = YES;
				CLANG_WARN_OBJC_LITERAL_CONVERSION = YES;
				CLANG_WARN_OBJC_ROOT_CLASS = YES_ERROR;
				CLANG_WARN_RANGE_LOOP_ANALYSIS = YES;
				CLANG_WARN_STRICT_PROTOTYPES = YES;
				CLANG_WARN_SUSPICIOUS_MOVE = YES;
				CLANG_WARN_UNGUARDED_AVAILABILITY = YES_AGGRESSIVE;
				CLANG_WARN_UNREACHABLE_CODE = YES;
				CLANG_WARN__DUPLICATE_METHOD_MATCH = YES;
				CODE_SIGN_IDENTITY = "iPhone Developer";
				COPY_PHASE_STRIP = NO;
				DEBUG_INFORMATION_FORMAT = dwarf;
				ENABLE_STRICT_OBJC_MSGSEND = YES;
				ENABLE_TESTABILITY = YES;
				GCC_C_LANGUAGE_STANDARD = gnu11;
				GCC_DYNAMIC_NO_PIC = NO;
				GCC_NO_COMMON_BLOCKS = YES;
				GCC_OPTIMIZATION_LEVEL = 0;
				GCC_PREPROCESSOR_DEFINITIONS = (
					"DEBUG=1",
					"$(inherited)",
				);
				GCC_WARN_64_TO_32_BIT_CONVERSION = YES;
				GCC_WARN_ABOUT_RETURN_TYPE = YES_ERROR;
				GCC_WARN_UNDECLARED_SELECTOR = YES;
				GCC_WARN_UNINITIALIZED_AUTOS = YES_AGGRESSIVE;
				GCC_WARN_UNUSED_FUNCTION = YES;
				GCC_WARN_UNUSED_VARIABLE = YES;
				IPHONEOS_DEPLOYMENT_TARGET = 12.2;
				MTL_ENABLE_DEBUG_INFO = INCLUDE_SOURCE;
				MTL_FAST_MATH = YES;
				ONLY_ACTIVE_ARCH = YES;
				SDKROOT = iphoneos;
				SWIFT_ACTIVE_COMPILATION_CONDITIONS = DEBUG;
				SWIFT_OPTIMIZATION_LEVEL = "-Onone";
			};
			name = Debug;
		};
		737CA95722C3619E00D10B54 /* Release */ = {
			isa = XCBuildConfiguration;
			buildSettings = {
				ALWAYS_SEARCH_USER_PATHS = NO;
				CLANG_ANALYZER_NONNULL = YES;
				CLANG_ANALYZER_NUMBER_OBJECT_CONVERSION = YES_AGGRESSIVE;
				CLANG_CXX_LANGUAGE_STANDARD = "gnu++14";
				CLANG_CXX_LIBRARY = "libc++";
				CLANG_ENABLE_MODULES = YES;
				CLANG_ENABLE_OBJC_ARC = YES;
				CLANG_ENABLE_OBJC_WEAK = YES;
				CLANG_WARN_BLOCK_CAPTURE_AUTORELEASING = YES;
				CLANG_WARN_BOOL_CONVERSION = YES;
				CLANG_WARN_COMMA = YES;
				CLANG_WARN_CONSTANT_CONVERSION = YES;
				CLANG_WARN_DEPRECATED_OBJC_IMPLEMENTATIONS = YES;
				CLANG_WARN_DIRECT_OBJC_ISA_USAGE = YES_ERROR;
				CLANG_WARN_DOCUMENTATION_COMMENTS = YES;
				CLANG_WARN_EMPTY_BODY = YES;
				CLANG_WARN_ENUM_CONVERSION = YES;
				CLANG_WARN_INFINITE_RECURSION = YES;
				CLANG_WARN_INT_CONVERSION = YES;
				CLANG_WARN_NON_LITERAL_NULL_CONVERSION = YES;
				CLANG_WARN_OBJC_IMPLICIT_RETAIN_SELF = YES;
				CLANG_WARN_OBJC_LITERAL_CONVERSION = YES;
				CLANG_WARN_OBJC_ROOT_CLASS = YES_ERROR;
				CLANG_WARN_RANGE_LOOP_ANALYSIS = YES;
				CLANG_WARN_STRICT_PROTOTYPES = YES;
				CLANG_WARN_SUSPICIOUS_MOVE = YES;
				CLANG_WARN_UNGUARDED_AVAILABILITY = YES_AGGRESSIVE;
				CLANG_WARN_UNREACHABLE_CODE = YES;
				CLANG_WARN__DUPLICATE_METHOD_MATCH = YES;
				CODE_SIGN_IDENTITY = "iPhone Developer";
				COPY_PHASE_STRIP = NO;
				DEBUG_INFORMATION_FORMAT = "dwarf-with-dsym";
				ENABLE_NS_ASSERTIONS = NO;
				ENABLE_STRICT_OBJC_MSGSEND = YES;
				GCC_C_LANGUAGE_STANDARD = gnu11;
				GCC_NO_COMMON_BLOCKS = YES;
				GCC_WARN_64_TO_32_BIT_CONVERSION = YES;
				GCC_WARN_ABOUT_RETURN_TYPE = YES_ERROR;
				GCC_WARN_UNDECLARED_SELECTOR = YES;
				GCC_WARN_UNINITIALIZED_AUTOS = YES_AGGRESSIVE;
				GCC_WARN_UNUSED_FUNCTION = YES;
				GCC_WARN_UNUSED_VARIABLE = YES;
				IPHONEOS_DEPLOYMENT_TARGET = 12.2;
				MTL_ENABLE_DEBUG_INFO = NO;
				MTL_FAST_MATH = YES;
				SDKROOT = iphoneos;
				SWIFT_COMPILATION_MODE = wholemodule;
				SWIFT_OPTIMIZATION_LEVEL = "-O";
				VALIDATE_PRODUCT = YES;
			};
			name = Release;
		};
		737CA95922C3619E00D10B54 /* Debug */ = {
			isa = XCBuildConfiguration;
			baseConfigurationReference = 9B3EB47873CC4F649A833E2B /* Pods-PlanX.debug.xcconfig */;
			buildSettings = {
				ASSETCATALOG_COMPILER_APPICON_NAME = AppIcon;
				CODE_SIGN_STYLE = Automatic;
				DEVELOPMENT_TEAM = 27DCSC3FTT;
				INFOPLIST_FILE = PlanX/Info.plist;
				LD_RUNPATH_SEARCH_PATHS = (
					"$(inherited)",
					"@executable_path/Frameworks",
				);
				PRODUCT_BUNDLE_IDENTIFIER = com.dianasok.PlanX;
				PRODUCT_NAME = "$(TARGET_NAME)";
				SWIFT_VERSION = 5.0;
				TARGETED_DEVICE_FAMILY = "1,2";
			};
			name = Debug;
		};
		737CA95A22C3619E00D10B54 /* Release */ = {
			isa = XCBuildConfiguration;
			baseConfigurationReference = 32FB0CBF6A0294826E940ECF /* Pods-PlanX.release.xcconfig */;
			buildSettings = {
				ASSETCATALOG_COMPILER_APPICON_NAME = AppIcon;
				CODE_SIGN_STYLE = Automatic;
				DEVELOPMENT_TEAM = 27DCSC3FTT;
				INFOPLIST_FILE = PlanX/Info.plist;
				LD_RUNPATH_SEARCH_PATHS = (
					"$(inherited)",
					"@executable_path/Frameworks",
				);
				PRODUCT_BUNDLE_IDENTIFIER = com.dianasok.PlanX;
				PRODUCT_NAME = "$(TARGET_NAME)";
				SWIFT_VERSION = 5.0;
				TARGETED_DEVICE_FAMILY = "1,2";
			};
			name = Release;
		};
/* End XCBuildConfiguration section */

/* Begin XCConfigurationList section */
		737CA93F22C3619E00D10B54 /* Build configuration list for PBXProject "PlanX" */ = {
			isa = XCConfigurationList;
			buildConfigurations = (
				737CA95622C3619E00D10B54 /* Debug */,
				737CA95722C3619E00D10B54 /* Release */,
			);
			defaultConfigurationIsVisible = 0;
			defaultConfigurationName = Release;
		};
		737CA95822C3619E00D10B54 /* Build configuration list for PBXNativeTarget "PlanX" */ = {
			isa = XCConfigurationList;
			buildConfigurations = (
				737CA95922C3619E00D10B54 /* Debug */,
				737CA95A22C3619E00D10B54 /* Release */,
			);
			defaultConfigurationIsVisible = 0;
			defaultConfigurationName = Release;
		};
/* End XCConfigurationList section */
	};
	rootObject = 737CA93C22C3619E00D10B54 /* Project object */;
}
